github.com/google/uuid v1.6.0 h1:NIvaJDMOsjHA8n1jAhLSgzrAzy1Hgr+hNrb57e+94F0=
github.com/google/uuid v1.6.0/go.mod h1:TIyPZe4MgqvfeYDBFedMoGGpEw/LqOeaOT+nhxU+yHo=
github.com/lib/pq v1.12.3 h1:tTWxr2YLKwIvK90ZXEw8GP7UFHtcbTtty8zsI+YjrfQ=
github.com/lib/pq v1.12.3/go.mod h1:/p+8NSbOcwzAEI7wiMXFlgydTwcgTr3OSKMsD2BitpA=
github.com/martin3zra/playsql v0.6.0 h1:GIcSrqg9TvVNA2A3rXdUX6PkBtwh+alFHLJTPm8xHoo=
github.com/martin3zra/playsql v0.6.0/go.mod h1:nItoVH1wwETVqoJvBqRq5Mmf1EHtBQTq6zXgL4MguiM=
github.com/romsar/gonertia/v3 v3.0.0 h1:Prnfflq14Axz4Csjn+h9WVlinSGGoJSbyiXinNMcuAg=
github.com/romsar/gonertia/v3 v3.0.0/go.mod h1:QrEjAsqiHXxWSEtILCf3SQJ5UwPkcXYKbuPLxb0T6kY=
golang.org/x/crypto v0.55.0 h1:+KWHjbgOaAQ66dh/YlkZKHlz9ZUlq61AFirAR9ntP8M=
golang.org/x/crypto v0.55.0/go.mod h1:uq0V9dE/fzQuJtbnL+2EhWOE63vo164FY8xqEnV9xis=
golang.org/x/text v0.41.0 h1:vz/seA0lnX87Othu2f/0L24RcgrXD9/YFTSuGjj3rH8=
golang.org/x/text v0.41.0/go.mod h1:jvf1O8ajNzZqhSrQBPbutR/EB83Cc0CFrezNQIwbb5M=
